
Microsoft Visual Studio Solution File, Format Version 12.00
# Visual Studio Version 17
VisualStudioVersion = 17.3.32922.545
MinimumVisualStudioVersion = 10.0.40219.1
Project("{9A19103F-16F7-4668-BE54-9A1E7A4F7556}") = "RockWall", "RockWall\RockWall.csproj", "{C8147390-0C91-4CEA-8726-7DBA449382A4}"
EndProject
Project("{2150E333-8FDC-42A3-9474-1A3956D46DE8}") = "Solution Items", "Solution Items", "{D9F31AEE-5E78-4311-98C9-B09CB7B7334C}"
	ProjectSection(SolutionItems) = preProject
		.editorconfig = .editorconfig
	EndProjectSection
EndProject
Global
	GlobalSection(SolutionConfigurationPlatforms) = preSolution
		Debug|Any CPU = Debug|Any CPU
		Release|Any CPU = Release|Any CPU
	EndGlobalSection
	GlobalSection(ProjectConfigurationPlatforms) = postSolution
		{C8147390-0C91-4CEA-8726-7DBA449382A4}.Debug|Any CPU.ActiveCfg = Debug|Any CPU
		{C8147390-0C91-4CEA-8726-7DBA449382A4}.Debug|Any CPU.Build.0 = Debug|Any CPU
		{C8147390-0C91-4CEA-8726-7DBA449382A4}.Release|Any CPU.ActiveCfg = Release|Any CPU
		{C8147390-0C91-4CEA-8726-7DBA449382A4}.Release|Any CPU.Build.0 = Release|Any CPU
	EndGlobalSection
	GlobalSection(SolutionProperties) = preSolution
		HideSolutionNode = FALSE
	EndGlobalSection
	GlobalSection(ExtensibilityGlobals) = postSolution
		SolutionGuid = {EFF803FC-C928-4EF3-A922-C20FDEF23D65}
	EndGlobalSection
EndGlobal
